
Microsoft Visual Studio Solution File, Format Version 12.00
# Visual Studio 15
VisualStudioVersion = 15.0.27130.2036
MinimumVisualStudioVersion = 10.0.40219.1
Project("{2150E333-8FDC-42A3-9474-1A3956D46DE8}") = "src", "src", "{6CE7B4D3-F005-402C-B64B-81F0841671BD}"
EndProject
Project("{9A19103F-16F7-4668-BE54-9A1E7A4F7556}") = "SchoolDashboard", "SchoolDashboard\SchoolDashboard\SchoolDashboard.csproj", "{F66A3C43-14FF-41ED-9E75-763D07936A02}"
EndProject
Global
	GlobalSection(SolutionConfigurationPlatforms) = preSolution
		Debug|Any CPU = Debug|Any CPU
		Release|Any CPU = Release|Any CPU
	EndGlobalSection
	GlobalSection(ProjectConfigurationPlatforms) = postSolution
		{F66A3C43-14FF-41ED-9E75-763D07936A02}.Debug|Any CPU.ActiveCfg = Debug|Any CPU
		{F66A3C43-14FF-41ED-9E75-763D07936A02}.Debug|Any CPU.Build.0 = Debug|Any CPU
		{F66A3C43-14FF-41ED-9E75-763D07936A02}.Release|Any CPU.ActiveCfg = Release|Any CPU
		{F66A3C43-14FF-41ED-9E75-763D07936A02}.Release|Any CPU.Build.0 = Release|Any CPU
	EndGlobalSection
	GlobalSection(SolutionProperties) = preSolution
		HideSolutionNode = FALSE
	EndGlobalSection
	GlobalSection(NestedProjects) = preSolution
		{F66A3C43-14FF-41ED-9E75-763D07936A02} = {6CE7B4D3-F005-402C-B64B-81F0841671BD}
	EndGlobalSection
	GlobalSection(ExtensibilityGlobals) = postSolution
		SolutionGuid = {4F0724C2-943A-4F8D-8800-36EB4400D46E}
	EndGlobalSection
EndGlobal
